
Microsoft Visual Studio Solution File, Format Version 11.00
# Visual Studio 2010
Project("{FAE04EC0-301F-11D3-BF4B-00C04F79EFBC}") = "csharp-mastercardapi", "csharp-mastercardapi.csproj", "{137B4C78-C360-47C1-9BAC-5E5E9384A6CC}"
EndProject
Project("{FAE04EC0-301F-11D3-BF4B-00C04F79EFBC}") = "Testmastercardapi", "TestMasterCardAPI\TestMasterCardAPI.csproj", "{DBF06726-006B-4691-BA9A-B527C4884573}"
EndProject
Global
	GlobalSection(SolutionConfigurationPlatforms) = preSolution
		Debug|Any CPU = Debug|Any CPU
		Release|Any CPU = Release|Any CPU
	EndGlobalSection
	GlobalSection(ProjectConfigurationPlatforms) = postSolution
		{137B4C78-C360-47C1-9BAC-5E5E9384A6CC}.Debug|Any CPU.ActiveCfg = Debug|Any CPU
		{137B4C78-C360-47C1-9BAC-5E5E9384A6CC}.Debug|Any CPU.Build.0 = Debug|Any CPU
		{137B4C78-C360-47C1-9BAC-5E5E9384A6CC}.Release|Any CPU.ActiveCfg = Release|Any CPU
		{137B4C78-C360-47C1-9BAC-5E5E9384A6CC}.Release|Any CPU.Build.0 = Release|Any CPU
		{DBF06726-006B-4691-BA9A-B527C4884573}.Debug|Any CPU.ActiveCfg = Debug|Any CPU
		{DBF06726-006B-4691-BA9A-B527C4884573}.Debug|Any CPU.Build.0 = Debug|Any CPU
		{DBF06726-006B-4691-BA9A-B527C4884573}.Release|Any CPU.ActiveCfg = Release|Any CPU
		{DBF06726-006B-4691-BA9A-B527C4884573}.Release|Any CPU.Build.0 = Release|Any CPU
	EndGlobalSection
	GlobalSection(SolutionProperties) = preSolution
		HideSolutionNode = FALSE
	EndGlobalSection
EndGlobal
